
Microsoft Visual Studio Solution File, Format Version 12.00
# Visual Studio Version 17
VisualStudioVersion = 17.3.32929.385
MinimumVisualStudioVersion = 10.0.40219.1
Project("{FAE04EC0-301F-11D3-BF4B-00C04F79EFBC}") = "login", "login\login.csproj", "{31B10726-D905-45C7-AF56-1F2FF39F9442}"
EndProject
Global
	GlobalSection(SolutionConfigurationPlatforms) = preSolution
		Debug|Any CPU = Debug|Any CPU
		Release|Any CPU = Release|Any CPU
	EndGlobalSection
	GlobalSection(ProjectConfigurationPlatforms) = postSolution
		{31B10726-D905-45C7-AF56-1F2FF39F9442}.Debug|Any CPU.ActiveCfg = Debug|Any CPU
		{31B10726-D905-45C7-AF56-1F2FF39F9442}.Debug|Any CPU.Build.0 = Debug|Any CPU
		{31B10726-D905-45C7-AF56-1F2FF39F9442}.Release|Any CPU.ActiveCfg = Release|Any CPU
		{31B10726-D905-45C7-AF56-1F2FF39F9442}.Release|Any CPU.Build.0 = Release|Any CPU
	EndGlobalSection
	GlobalSection(SolutionProperties) = preSolution
		HideSolutionNode = FALSE
	EndGlobalSection
	GlobalSection(ExtensibilityGlobals) = postSolution
		SolutionGuid = {FBEC1B3B-A4EC-4876-A125-2A1DC8DF0165}
	EndGlobalSection
EndGlobal
